
Microsoft Visual Studio Solution File, Format Version 12.00
# Visual Studio Version 16
VisualStudioVersion = 16.0.32930.78
MinimumVisualStudioVersion = 10.0.40219.1
Project("{8BC9CEB8-8B4A-11D0-8D11-00A0C91BC942}") = "cw_sp2__2024_2025", "cw_sp2__2024_2025\cw_sp2__2024_2025.vcxproj", "{CC87AD76-6756-4BCA-9278-8077131AC4E3}"
EndProject
Project("{8BC9CEB8-8B4A-11D0-8D11-00A0C91BC942}") = "verify_syntax_by_EBNF", "verify_syntax_by_EBNF\verify_syntax_by_EBNF.vcxproj", "{F75FCCD8-31A8-4879-8615-6C989C7B6508}"
EndProject
Project("{8BC9CEB8-8B4A-11D0-8D11-00A0C91BC942}") = "wrapWithInOutPipe", "wrapWithInOutPipe\wrapWithInOutPipe.vcxproj", "{C3A19BB7-53AF-4390-8EAE-AC96ACE8F6D2}"
EndProject
Project("{8BC9CEB8-8B4A-11D0-8D11-00A0C91BC942}") = "verify_syntax_by_EBNF__2025", "verify_syntax_by_EBNF__2025\verify_syntax_by_EBNF__2025.vcxproj", "{8F62F20C-0B32-4F6D-A449-109145DD1086}"
EndProject
Project("{8BC9CEB8-8B4A-11D0-8D11-00A0C91BC942}") = "lexica__2025", "lexica__2025\lexica__2025.vcxproj", "{E48A59DE-6024-4A92-962F-74EF748C71DC}"
EndProject
Global
	GlobalSection(SolutionConfigurationPlatforms) = preSolution
		Debug|x64 = Debug|x64
		Debug|x86 = Debug|x86
		Release|x64 = Release|x64
		Release|x86 = Release|x86
	EndGlobalSection
	GlobalSection(ProjectConfigurationPlatforms) = postSolution
		{CC87AD76-6756-4BCA-9278-8077131AC4E3}.Debug|x64.ActiveCfg = Debug|x64
		{CC87AD76-6756-4BCA-9278-8077131AC4E3}.Debug|x64.Build.0 = Debug|x64
		{CC87AD76-6756-4BCA-9278-8077131AC4E3}.Debug|x86.ActiveCfg = Debug|Win32
		{CC87AD76-6756-4BCA-9278-8077131AC4E3}.Debug|x86.Build.0 = Debug|Win32
		{CC87AD76-6756-4BCA-9278-8077131AC4E3}.Release|x64.ActiveCfg = Release|x64
		{CC87AD76-6756-4BCA-9278-8077131AC4E3}.Release|x64.Build.0 = Release|x64
		{CC87AD76-6756-4BCA-9278-8077131AC4E3}.Release|x86.ActiveCfg = Release|Win32
		{CC87AD76-6756-4BCA-9278-8077131AC4E3}.Release|x86.Build.0 = Release|Win32
		{F75FCCD8-31A8-4879-8615-6C989C7B6508}.Debug|x64.ActiveCfg = Debug|x64
		{F75FCCD8-31A8-4879-8615-6C989C7B6508}.Debug|x64.Build.0 = Debug|x64
		{F75FCCD8-31A8-4879-8615-6C989C7B6508}.Debug|x86.ActiveCfg = Debug|Win32
		{F75FCCD8-31A8-4879-8615-6C989C7B6508}.Debug|x86.Build.0 = Debug|Win32
		{F75FCCD8-31A8-4879-8615-6C989C7B6508}.Release|x64.ActiveCfg = Release|x64
		{F75FCCD8-31A8-4879-8615-6C989C7B6508}.Release|x64.Build.0 = Release|x64
		{F75FCCD8-31A8-4879-8615-6C989C7B6508}.Release|x86.ActiveCfg = Release|Win32
		{F75FCCD8-31A8-4879-8615-6C989C7B6508}.Release|x86.Build.0 = Release|Win32
		{C3A19BB7-53AF-4390-8EAE-AC96ACE8F6D2}.Debug|x64.ActiveCfg = Debug|x64
		{C3A19BB7-53AF-4390-8EAE-AC96ACE8F6D2}.Debug|x64.Build.0 = Debug|x64
		{C3A19BB7-53AF-4390-8EAE-AC96ACE8F6D2}.Debug|x86.ActiveCfg = Debug|Win32
		{C3A19BB7-53AF-4390-8EAE-AC96ACE8F6D2}.Debug|x86.Build.0 = Debug|Win32
		{C3A19BB7-53AF-4390-8EAE-AC96ACE8F6D2}.Release|x64.ActiveCfg = Release|x64
		{C3A19BB7-53AF-4390-8EAE-AC96ACE8F6D2}.Release|x64.Build.0 = Release|x64
		{C3A19BB7-53AF-4390-8EAE-AC96ACE8F6D2}.Release|x86.ActiveCfg = Release|Win32
		{C3A19BB7-53AF-4390-8EAE-AC96ACE8F6D2}.Release|x86.Build.0 = Release|Win32
		{8F62F20C-0B32-4F6D-A449-109145DD1086}.Debug|x64.ActiveCfg = Debug|x64
		{8F62F20C-0B32-4F6D-A449-109145DD1086}.Debug|x64.Build.0 = Debug|x64
		{8F62F20C-0B32-4F6D-A449-109145DD1086}.Debug|x86.ActiveCfg = Debug|Win32
		{8F62F20C-0B32-4F6D-A449-109145DD1086}.Debug|x86.Build.0 = Debug|Win32
		{8F62F20C-0B32-4F6D-A449-109145DD1086}.Release|x64.ActiveCfg = Release|x64
		{8F62F20C-0B32-4F6D-A449-109145DD1086}.Release|x64.Build.0 = Release|x64
		{8F62F20C-0B32-4F6D-A449-109145DD1086}.Release|x86.ActiveCfg = Release|Win32
		{8F62F20C-0B32-4F6D-A449-109145DD1086}.Release|x86.Build.0 = Release|Win32
		{E48A59DE-6024-4A92-962F-74EF748C71DC}.Debug|x64.ActiveCfg = Debug|x64
		{E48A59DE-6024-4A92-962F-74EF748C71DC}.Debug|x64.Build.0 = Debug|x64
		{E48A59DE-6024-4A92-962F-74EF748C71DC}.Debug|x86.ActiveCfg = Debug|Win32
		{E48A59DE-6024-4A92-962F-74EF748C71DC}.Debug|x86.Build.0 = Debug|Win32
		{E48A59DE-6024-4A92-962F-74EF748C71DC}.Release|x64.ActiveCfg = Release|x64
		{E48A59DE-6024-4A92-962F-74EF748C71DC}.Release|x64.Build.0 = Release|x64
		{E48A59DE-6024-4A92-962F-74EF748C71DC}.Release|x86.ActiveCfg = Release|Win32
		{E48A59DE-6024-4A92-962F-74EF748C71DC}.Release|x86.Build.0 = Release|Win32
	EndGlobalSection
	GlobalSection(SolutionProperties) = preSolution
		HideSolutionNode = FALSE
	EndGlobalSection
	GlobalSection(ExtensibilityGlobals) = postSolution
		SolutionGuid = {697AC7F7-6AB7-4441-A074-C17F37716489}
	EndGlobalSection
EndGlobal
